
Microsoft Visual Studio Solution File, Format Version 12.00
# Visual Studio Version 16
VisualStudioVersion = 16.0.30309.148
MinimumVisualStudioVersion = 10.0.40219.1
Project("{FAE04EC0-301F-11D3-BF4B-00C04F79EFBC}") = "API_Diagnostic", "API_Diagnostic\API_Diagnostic.csproj", "{8A351ED8-FB5E-44E8-83C8-675A254D9819}"
EndProject
Project("{FAE04EC0-301F-11D3-BF4B-00C04F79EFBC}") = "ClientAPI", "ClientAPI\ClientAPI.csproj", "{4A651EAA-4281-4D43-8C5B-2782B10FE066}"
EndProject
Global
	GlobalSection(SolutionConfigurationPlatforms) = preSolution
		Debug|Any CPU = Debug|Any CPU
		Release|Any CPU = Release|Any CPU
	EndGlobalSection
	GlobalSection(ProjectConfigurationPlatforms) = postSolution
		{8A351ED8-FB5E-44E8-83C8-675A254D9819}.Debug|Any CPU.ActiveCfg = Debug|Any CPU
		{8A351ED8-FB5E-44E8-83C8-675A254D9819}.Debug|Any CPU.Build.0 = Debug|Any CPU
		{8A351ED8-FB5E-44E8-83C8-675A254D9819}.Release|Any CPU.ActiveCfg = Release|Any CPU
		{8A351ED8-FB5E-44E8-83C8-675A254D9819}.Release|Any CPU.Build.0 = Release|Any CPU
		{4A651EAA-4281-4D43-8C5B-2782B10FE066}.Debug|Any CPU.ActiveCfg = Debug|Any CPU
		{4A651EAA-4281-4D43-8C5B-2782B10FE066}.Debug|Any CPU.Build.0 = Debug|Any CPU
		{4A651EAA-4281-4D43-8C5B-2782B10FE066}.Release|Any CPU.ActiveCfg = Release|Any CPU
		{4A651EAA-4281-4D43-8C5B-2782B10FE066}.Release|Any CPU.Build.0 = Release|Any CPU
	EndGlobalSection
	GlobalSection(SolutionProperties) = preSolution
		HideSolutionNode = FALSE
	EndGlobalSection
	GlobalSection(ExtensibilityGlobals) = postSolution
		SolutionGuid = {6C5BFDFE-5A81-47B7-A7F2-D146B1394391}
	EndGlobalSection
EndGlobal
